
Microsoft Visual Studio Solution File, Format Version 12.00
# Visual Studio Version 16
VisualStudioVersion = 16.0.31105.61
MinimumVisualStudioVersion = 10.0.40219.1
Project("{FAE04EC0-301F-11D3-BF4B-00C04F79EFBC}") = "RobotInterface", "RobotInterface.csproj", "{4859DC39-F82D-4791-BF4E-310CB33ADA3E}"
EndProject
Project("{FAE04EC0-301F-11D3-BF4B-00C04F79EFBC}") = "ExtendedSerialPort", "..\ExtendedSerialPort\ExtendedSerialPort.csproj", "{21AC599E-E3D5-4181-AA0F-7C2E00CCA016}"
EndProject
Global
	GlobalSection(SolutionConfigurationPlatforms) = preSolution
		Debug|Any CPU = Debug|Any CPU
		Debug|x64 = Debug|x64
		Release|Any CPU = Release|Any CPU
		Release|x64 = Release|x64
	EndGlobalSection
	GlobalSection(ProjectConfigurationPlatforms) = postSolution
		{4859DC39-F82D-4791-BF4E-310CB33ADA3E}.Debug|Any CPU.ActiveCfg = Debug|Any CPU
		{4859DC39-F82D-4791-BF4E-310CB33ADA3E}.Debug|Any CPU.Build.0 = Debug|Any CPU
		{4859DC39-F82D-4791-BF4E-310CB33ADA3E}.Debug|x64.ActiveCfg = Debug|Any CPU
		{4859DC39-F82D-4791-BF4E-310CB33ADA3E}.Debug|x64.Build.0 = Debug|Any CPU
		{4859DC39-F82D-4791-BF4E-310CB33ADA3E}.Release|Any CPU.ActiveCfg = Release|Any CPU
		{4859DC39-F82D-4791-BF4E-310CB33ADA3E}.Release|Any CPU.Build.0 = Release|Any CPU
		{4859DC39-F82D-4791-BF4E-310CB33ADA3E}.Release|x64.ActiveCfg = Release|Any CPU
		{4859DC39-F82D-4791-BF4E-310CB33ADA3E}.Release|x64.Build.0 = Release|Any CPU
		{21AC599E-E3D5-4181-AA0F-7C2E00CCA016}.Debug|Any CPU.ActiveCfg = Debug|Any CPU
		{21AC599E-E3D5-4181-AA0F-7C2E00CCA016}.Debug|Any CPU.Build.0 = Debug|Any CPU
		{21AC599E-E3D5-4181-AA0F-7C2E00CCA016}.Debug|x64.ActiveCfg = Debug|x64
		{21AC599E-E3D5-4181-AA0F-7C2E00CCA016}.Debug|x64.Build.0 = Debug|x64
		{21AC599E-E3D5-4181-AA0F-7C2E00CCA016}.Release|Any CPU.ActiveCfg = Release|Any CPU
		{21AC599E-E3D5-4181-AA0F-7C2E00CCA016}.Release|Any CPU.Build.0 = Release|Any CPU
		{21AC599E-E3D5-4181-AA0F-7C2E00CCA016}.Release|x64.ActiveCfg = Release|x64
		{21AC599E-E3D5-4181-AA0F-7C2E00CCA016}.Release|x64.Build.0 = Release|x64
	EndGlobalSection
	GlobalSection(SolutionProperties) = preSolution
		HideSolutionNode = FALSE
	EndGlobalSection
	GlobalSection(ExtensibilityGlobals) = postSolution
		SolutionGuid = {4E4A6509-369D-4DDC-824A-AA2FB5DC22C4}
	EndGlobalSection
EndGlobal
